
Microsoft Visual Studio Solution File, Format Version 12.00
# Visual Studio Version 17
VisualStudioVersion = 17.0.32014.148
MinimumVisualStudioVersion = 10.0.40219.1
Project("{FAE04EC0-301F-11D3-BF4B-00C04F79EFBC}") = "YoutubeExplodeTest", "YoutubeExplodeTest\YoutubeExplodeTest.csproj", "{AA4CB953-BBDA-4ECF-9CF1-13650AE21108}"
EndProject
Global
	GlobalSection(SolutionConfigurationPlatforms) = preSolution
		Debug|Any CPU = Debug|Any CPU
		Release|Any CPU = Release|Any CPU
	EndGlobalSection
	GlobalSection(ProjectConfigurationPlatforms) = postSolution
		{AA4CB953-BBDA-4ECF-9CF1-13650AE21108}.Debug|Any CPU.ActiveCfg = Debug|Any CPU
		{AA4CB953-BBDA-4ECF-9CF1-13650AE21108}.Debug|Any CPU.Build.0 = Debug|Any CPU
		{AA4CB953-BBDA-4ECF-9CF1-13650AE21108}.Release|Any CPU.ActiveCfg = Release|Any CPU
		{AA4CB953-BBDA-4ECF-9CF1-13650AE21108}.Release|Any CPU.Build.0 = Release|Any CPU
	EndGlobalSection
	GlobalSection(SolutionProperties) = preSolution
		HideSolutionNode = FALSE
	EndGlobalSection
	GlobalSection(ExtensibilityGlobals) = postSolution
		SolutionGuid = {DBB6A5C3-12FC-4FE6-9F96-1B4144536C5C}
	EndGlobalSection
EndGlobal
